# This file is automatically @generated by Poetry 2.1.3 and should not be changed by hand.

[[package]]
name = "atomicwrites"
version = "1.4.1"
description = "Atomic file writes."
optional = false
python-versions = ">=2.7, !=3.0.*, !=3.1.*, !=3.2.*, !=3.3.*"
groups = ["dev"]
markers = "sys_platform == \"win32\""
files = [
    {file = "atomicwrites-1.4.1.tar.gz", hash = "sha256:81b2c9071a49367a7f770170e5eec8cb66567cfbbc8c73d20ce5ca4a8d71cf11"},
]

[[package]]
name = "attrs"
version = "22.1.0"
description = "Classes Without Boilerplate"
optional = false
python-versions = ">=3.5"
groups = ["dev"]
files = [
    {file = "attrs-22.1.0-py2.py3-none-any.whl", hash = "sha256:86efa402f67bf2df34f51a335487cf46b1ec130d02b8d39fd248abfd30da551c"},
    {file = "attrs-22.1.0.tar.gz", hash = "sha256:29adc2665447e5191d0e7c568fde78b21f9672d344281d0c6e1ab085429b22b6"},
]

[package.extras]
dev = ["cloudpickle ; platform_python_implementation == \"CPython\"", "coverage[toml] (>=5.0.2)", "furo", "hypothesis", "mypy (>=0.900,!=0.940)", "pre-commit", "pympler", "pytest (>=4.3.0)", "pytest-mypy-plugins", "sphinx", "sphinx-notfound-page", "zope.interface"]
docs = ["furo", "sphinx", "sphinx-notfound-page", "zope.interface"]
tests = ["cloudpickle ; platform_python_implementation == \"CPython\"", "coverage[toml] (>=5.0.2)", "hypothesis", "mypy (>=0.900,!=0.940)", "pympler", "pytest (>=4.3.0)", "pytest-mypy-plugins", "zope.interface"]
tests-no-zope = ["cloudpickle ; platform_python_implementation == \"CPython\"", "coverage[toml] (>=5.0.2)", "hypothesis", "mypy (>=0.900,!=0.940)", "pympler", "pytest (>=4.3.0)", "pytest-mypy-plugins"]

[[package]]
name = "black"
version = "22.12.0"
description = "The uncompromising code formatter."
optional = false
python-versions = ">=3.7"
groups = ["dev"]
files = [
    {file = "black-22.12.0-cp310-cp310-manylinux_2_17_x86_64.manylinux2014_x86_64.whl", hash = "sha256:9eedd20838bd5d75b80c9f5487dbcb06836a43833a37846cf1d8c1cc01cef59d"},
    {file = "black-22.12.0-cp310-cp310-win_amd64.whl", hash = "sha256:159a46a4947f73387b4d83e87ea006dbb2337eab6c879620a3ba52699b1f4351"},
    {file = "black-22.12.0-cp311-cp311-manylinux_2_17_x86_64.manylinux2014_x86_64.whl", hash = "sha256:d30b212bffeb1e252b31dd269dfae69dd17e06d92b87ad26e23890f3efea366f"},
    {file = "black-22.12.0-cp311-cp311-win_amd64.whl", hash = "sha256:7412e75863aa5c5411886804678b7d083c7c28421210180d67dfd8cf1221e1f4"},
    {file = "black-22.12.0-cp37-cp37m-manylinux_2_17_x86_64.manylinux2014_x86_64.whl", hash = "sha256:c116eed0efb9ff870ded8b62fe9f28dd61ef6e9ddd28d83d7d264a38417dcee2"},
    {file = "black-22.12.0-cp37-cp37m-win_amd64.whl", hash = "sha256:1f58cbe16dfe8c12b7434e50ff889fa479072096d79f0a7f25e4ab8e94cd8350"},
    {file = "black-22.12.0-cp38-cp38-manylinux_2_17_x86_64.manylinux2014_x86_64.whl", hash = "sha256:77d86c9f3db9b1bf6761244bc0b3572a546f5fe37917a044e02f3166d5aafa7d"},
    {file = "black-22.12.0-cp38-cp38-win_amd64.whl", hash = "sha256:82d9fe8fee3401e02e79767016b4907820a7dc28d70d137eb397b92ef3cc5bfc"},
    {file = "black-22.12.0-cp39-cp39-manylinux_2_17_x86_64.manylinux2014_x86_64.whl", hash = "sha256:101c69b23df9b44247bd88e1d7e90154336ac4992502d4197bdac35dd7ee3320"},
    {file = "black-22.12.0-cp39-cp39-win_amd64.whl", hash = "sha256:559c7a1ba9a006226f09e4916060982fd27334ae1998e7a38b3f33a37f7a2148"},
    {file = "black-22.12.0-py3-none-any.whl", hash = "sha256:436cc9167dd28040ad90d3b404aec22cedf24a6e4d7de221bec2730ec0c97bcf"},
    {file = "black-22.12.0.tar.gz", hash = "sha256:229351e5a18ca30f447bf724d007f890f97e13af070bb6ad4c0a441cd7596a2f"},
]

[package.dependencies]
click = ">=8.0.0"
mypy-extensions = ">=0.4.3"
pathspec = ">=0.9.0"
platformdirs = ">=2"
tomli = {version = ">=1.1.0", markers = "python_full_version < \"3.11.0a7\""}
typing-extensions = {version = ">=3.10.0.0", markers = "python_version < \"3.10\""}

[package.extras]
colorama = ["colorama (>=0.4.3)"]
d = ["aiohttp (>=3.7.4)"]
jupyter = ["ipython (>=7.8.0)", "tokenize-rt (>=3.2.0)"]
uvloop = ["uvloop (>=0.15.2)"]

[[package]]
name = "click"
version = "8.1.3"
description = "Composable command line interface toolkit"
optional = false
python-versions = ">=3.7"
groups = ["dev"]
files = [
    {file = "click-8.1.3-py3-none-any.whl", hash = "sha256:bb4d8133cb15a609f44e8213d9b391b0809795062913b383c62be0ee95b1db48"},
    {file = "click-8.1.3.tar.gz", hash = "sha256:7682dc8afb30297001674575ea00d1814d808d6a36af415a82bd481d37ba7b8e"},
]

[package.dependencies]
colorama = {version = "*", markers = "platform_system == \"Windows\""}

[[package]]
name = "colorama"
version = "0.4.6"
description = "Cross-platform colored terminal text."
optional = false
python-versions = "!=3.0.*,!=3.1.*,!=3.2.*,!=3.3.*,!=3.4.*,!=3.5.*,!=3.6.*,>=2.7"
groups = ["dev"]
markers = "platform_system == \"Windows\" or sys_platform == \"win32\""
files = [
    {file = "colorama-0.4.6-py2.py3-none-any.whl", hash = "sha256:4f1d9991f5acc0ca119f9d443620b77f9d6b33703e51011c16baf57afb285fc6"},
    {file = "colorama-0.4.6.tar.gz", hash = "sha256:08695f5cb7ed6e0531a20572697297273c47b8cae5a63ffc6d6ed5c201be6e44"},
]

[[package]]
name = "importlib-metadata"
version = "5.1.0"
description = "Read metadata from Python packages"
optional = false
python-versions = ">=3.7"
groups = ["main"]
markers = "python_version == \"3.8\""
files = [
    {file = "importlib_metadata-5.1.0-py3-none-any.whl", hash = "sha256:d84d17e21670ec07990e1044a99efe8d615d860fd176fc29ef5c306068fda313"},
    {file = "importlib_metadata-5.1.0.tar.gz", hash = "sha256:d5059f9f1e8e41f80e9c56c2ee58811450c31984dfa625329ffd7c0dad88a73b"},
]

[package.dependencies]
zipp = ">=0.5"

[package.extras]
docs = ["furo", "jaraco.packaging (>=9)", "jaraco.tidelift (>=1.4)", "rst.linker (>=1.9)", "sphinx (>=3.5)"]
perf = ["ipython"]
testing = ["flake8 (<5)", "flufl.flake8", "importlib-resources (>=1.3) ; python_version < \"3.9\"", "packaging", "pyfakefs", "pytest (>=6)", "pytest-black (>=0.3.7) ; platform_python_implementation != \"PyPy\"", "pytest-checkdocs (>=2.4)", "pytest-cov", "pytest-enabler (>=1.3)", "pytest-flake8 ; python_version < \"3.12\"", "pytest-mypy (>=0.9.1) ; platform_python_implementation != \"PyPy\"", "pytest-perf (>=0.9.2)"]

[[package]]
name = "iniconfig"
version = "1.1.1"
description = "iniconfig: brain-dead simple config-ini parsing"
optional = false
python-versions = "*"
groups = ["dev"]
files = [
    {file = "iniconfig-1.1.1-py2.py3-none-any.whl", hash = "sha256:011e24c64b7f47f6ebd835bb12a743f2fbe9a26d4cecaa7f53bc4f35ee9da8b3"},
    {file = "iniconfig-1.1.1.tar.gz", hash = "sha256:bc3af051d7d14b2ee5ef9969666def0cd1a000e121eaea580d4a313df4b37f32"},
]

[[package]]
name = "llvmlite"
version = "0.39.1"
description = "lightweight wrapper around basic LLVM functionality"
optional = false
python-versions = ">=3.7"
groups = ["main"]
markers = "python_version == \"3.8\""
files = [
    {file = "llvmlite-0.39.1-cp310-cp310-macosx_10_9_x86_64.whl", hash = "sha256:6717c7a6e93c9d2c3d07c07113ec80ae24af45cde536b34363d4bcd9188091d9"},
    {file = "llvmlite-0.39.1-cp310-cp310-macosx_11_0_arm64.whl", hash = "sha256:ddab526c5a2c4ccb8c9ec4821fcea7606933dc53f510e2a6eebb45a418d3488a"},
    {file = "llvmlite-0.39.1-cp310-cp310-manylinux_2_17_aarch64.manylinux2014_aarch64.whl", hash = "sha256:a3f331a323d0f0ada6b10d60182ef06c20a2f01be21699999d204c5750ffd0b4"},
    {file = "llvmlite-0.39.1-cp310-cp310-manylinux_2_17_i686.manylinux2014_i686.whl", hash = "sha256:e2c00ff204afa721b0bb9835b5bf1ba7fba210eefcec5552a9e05a63219ba0dc"},
    {file = "llvmlite-0.39.1-cp310-cp310-manylinux_2_17_x86_64.manylinux2014_x86_64.whl", hash = "sha256:16f56eb1eec3cda3a5c526bc3f63594fc24e0c8d219375afeb336f289764c6c7"},
    {file = "llvmlite-0.39.1-cp310-cp310-win32.whl", hash = "sha256:d0bfd18c324549c0fec2c5dc610fd024689de6f27c6cc67e4e24a07541d6e49b"},
    {file = "llvmlite-0.39.1-cp310-cp310-win_amd64.whl", hash = "sha256:7ebf1eb9badc2a397d4f6a6c8717447c81ac011db00064a00408bc83c923c0e4"},
    {file = "llvmlite-0.39.1-cp37-cp37m-macosx_10_9_x86_64.whl", hash = "sha256:6546bed4e02a1c3d53a22a0bced254b3b6894693318b16c16c8e43e29d6befb6"},
    {file = "llvmlite-0.39.1-cp37-cp37m-manylinux_2_17_aarch64.manylinux2014_aarch64.whl", hash = "sha256:1578f5000fdce513712e99543c50e93758a954297575610f48cb1fd71b27c08a"},
    {file = "llvmlite-0.39.1-cp37-cp37m-manylinux_2_17_i686.manylinux2014_i686.whl", hash = "sha256:3803f11ad5f6f6c3d2b545a303d68d9fabb1d50e06a8d6418e6fcd2d0df00959"},
    {file = "llvmlite-0.39.1-cp37-cp37m-manylinux_2_17_x86_64.manylinux2014_x86_64.whl", hash = "sha256:50aea09a2b933dab7c9df92361b1844ad3145bfb8dd2deb9cd8b8917d59306fb"},
    {file = "llvmlite-0.39.1-cp37-cp37m-win32.whl", hash = "sha256:b1a0bbdb274fb683f993198775b957d29a6f07b45d184c571ef2a721ce4388cf"},
    {file = "llvmlite-0.39.1-cp37-cp37m-win_amd64.whl", hash = "sha256:e172c73fccf7d6db4bd6f7de963dedded900d1a5c6778733241d878ba613980e"},
    {file = "llvmlite-0.39.1-cp38-cp38-macosx_10_9_x86_64.whl", hash = "sha256:e31f4b799d530255aaf0566e3da2df5bfc35d3cd9d6d5a3dcc251663656c27b1"},
    {file = "llvmlite-0.39.1-cp38-cp38-macosx_11_0_arm64.whl", hash = "sha256:62c0ea22e0b9dffb020601bb65cb11dd967a095a488be73f07d8867f4e327ca5"},
    {file = "llvmlite-0.39.1-cp38-cp38-manylinux_2_17_aarch64.manylinux2014_aarch64.whl", hash = "sha256:9ffc84ade195abd4abcf0bd3b827b9140ae9ef90999429b9ea84d5df69c9058c"},
    {file = "llvmlite-0.39.1-cp38-cp38-manylinux_2_17_i686.manylinux2014_i686.whl", hash = "sha256:c0f158e4708dda6367d21cf15afc58de4ebce979c7a1aa2f6b977aae737e2a54"},
    {file = "llvmlite-0.39.1-cp38-cp38-manylinux_2_17_x86_64.manylinux2014_x86_64.whl", hash = "sha256:22d36591cd5d02038912321d9ab8e4668e53ae2211da5523f454e992b5e13c36"},
    {file = "llvmlite-0.39.1-cp38-cp38-win32.whl", hash = "sha256:4c6ebace910410daf0bebda09c1859504fc2f33d122e9a971c4c349c89cca630"},
    {file = "llvmlite-0.39.1-cp38-cp38-win_amd64.whl", hash = "sha256:fb62fc7016b592435d3e3a8f680e3ea8897c3c9e62e6e6cc58011e7a4801439e"},
    {file = "llvmlite-0.39.1-cp39-cp39-macosx_10_9_x86_64.whl", hash = "sha256:fa9b26939ae553bf30a9f5c4c754db0fb2d2677327f2511e674aa2f5df941789"},
    {file = "llvmlite-0.39.1-cp39-cp39-macosx_11_0_arm64.whl", hash = "sha256:e4f212c018db951da3e1dc25c2651abc688221934739721f2dad5ff1dd5f90e7"},
    {file = "llvmlite-0.39.1-cp39-cp39-manylinux_2_17_aarch64.manylinux2014_aarch64.whl", hash = "sha256:39dc2160aed36e989610fc403487f11b8764b6650017ff367e45384dff88ffbf"},
    {file = "llvmlite-0.39.1-cp39-cp39-manylinux_2_17_i686.manylinux2014_i686.whl", hash = "sha256:1ec3d70b3e507515936e475d9811305f52d049281eaa6c8273448a61c9b5b7e2"},
    {file = "llvmlite-0.39.1-cp39-cp39-manylinux_2_17_x86_64.manylinux2014_x86_64.whl", hash = "sha256:60f8dd1e76f47b3dbdee4b38d9189f3e020d22a173c00f930b52131001d801f9"},
    {file = "llvmlite-0.39.1-cp39-cp39-win32.whl", hash = "sha256:03aee0ccd81735696474dc4f8b6be60774892a2929d6c05d093d17392c237f32"},
    {file = "llvmlite-0.39.1-cp39-cp39-win_amd64.whl", hash = "sha256:3fc14e757bc07a919221f0cbaacb512704ce5774d7fcada793f1996d6bc75f2a"},
    {file = "llvmlite-0.39.1.tar.gz", hash = "sha256:b43abd7c82e805261c425d50335be9a6c4f84264e34d6d6e475207300005d572"},
]

[[package]]
name = "mathx"
version = "0.2.2"
description = "Array handling and mathematics built on top of numpy and scipy."
optional = false
python-versions = ">=3.6,<4.0"
groups = ["main"]
files = [
    {file = "mathx-0.2.2-py3-none-any.whl", hash = "sha256:7663e6d07e079d07a76658c6dd62f1f40bff8ee20f9b0e4006f7e37d4f29660f"},
    {file = "mathx-0.2.2.tar.gz", hash = "sha256:d45c7f9a78fcee8f31fa714a570ad70d77d6b0a2c34d95550a31f4ec73805116"},
]

[package.dependencies]
numba = {version = ">=0.52.0", markers = "python_version >= \"3.6\" and python_version < \"3.9\""}
numpy = ">=1.18.4,<2.0.0"
scipy = ">=1.4.1,<2.0.0"

[[package]]
name = "mypy-extensions"
version = "0.4.3"
description = "Experimental type system extensions for programs checked with the mypy typechecker."
optional = false
python-versions = "*"
groups = ["dev"]
files = [
    {file = "mypy_extensions-0.4.3-py2.py3-none-any.whl", hash = "sha256:090fedd75945a69ae91ce1303b5824f428daf5a028d2f6ab8a299250a846f15d"},
    {file = "mypy_extensions-0.4.3.tar.gz", hash = "sha256:2d82818f5bb3e369420cb3c4060a7970edba416647068eb4c5343488a6c604a8"},
]

[[package]]
name = "numba"
version = "0.56.4"
description = "compiling Python code using LLVM"
optional = false
python-versions = ">=3.7"
groups = ["main"]
markers = "python_version == \"3.8\""
files = [
    {file = "numba-0.56.4-cp310-cp310-macosx_10_14_x86_64.whl", hash = "sha256:9f62672145f8669ec08762895fe85f4cf0ead08ce3164667f2b94b2f62ab23c3"},
    {file = "numba-0.56.4-cp310-cp310-macosx_11_0_arm64.whl", hash = "sha256:c602d015478b7958408d788ba00a50272649c5186ea8baa6cf71d4a1c761bba1"},
    {file = "numba-0.56.4-cp310-cp310-manylinux2014_aarch64.manylinux_2_17_aarch64.whl", hash = "sha256:85dbaed7a05ff96492b69a8900c5ba605551afb9b27774f7f10511095451137c"},
    {file = "numba-0.56.4-cp310-cp310-manylinux2014_i686.manylinux_2_17_i686.whl", hash = "sha256:f4cfc3a19d1e26448032049c79fc60331b104f694cf570a9e94f4e2c9d0932bb"},
    {file = "numba-0.56.4-cp310-cp310-manylinux2014_x86_64.manylinux_2_17_x86_64.whl", hash = "sha256:4e08e203b163ace08bad500b0c16f6092b1eb34fd1fce4feaf31a67a3a5ecf3b"},
    {file = "numba-0.56.4-cp310-cp310-win32.whl", hash = "sha256:0611e6d3eebe4cb903f1a836ffdb2bda8d18482bcd0a0dcc56e79e2aa3fefef5"},
    {file = "numba-0.56.4-cp310-cp310-win_amd64.whl", hash = "sha256:fbfb45e7b297749029cb28694abf437a78695a100e7c2033983d69f0ba2698d4"},
    {file = "numba-0.56.4-cp37-cp37m-macosx_10_14_x86_64.whl", hash = "sha256:3cb1a07a082a61df80a468f232e452d818f5ae254b40c26390054e4e868556e0"},
    {file = "numba-0.56.4-cp37-cp37m-manylinux2014_aarch64.manylinux_2_17_aarch64.whl", hash = "sha256:d69ad934e13c15684e7887100a8f5f0f61d7a8e57e0fd29d9993210089a5b531"},
    {file = "numba-0.56.4-cp37-cp37m-manylinux2014_i686.manylinux_2_17_i686.whl", hash = "sha256:dbcc847bac2d225265d054993a7f910fda66e73d6662fe7156452cac0325b073"},
    {file = "numba-0.56.4-cp37-cp37m-manylinux2014_x86_64.manylinux_2_17_x86_64.whl", hash = "sha256:8a95ca9cc77ea4571081f6594e08bd272b66060634b8324e99cd1843020364f9"},
    {file = "numba-0.56.4-cp37-cp37m-win32.whl", hash = "sha256:fcdf84ba3ed8124eb7234adfbb8792f311991cbf8aed1cad4b1b1a7ee08380c1"},
    {file = "numba-0.56.4-cp37-cp37m-win_amd64.whl", hash = "sha256:42f9e1be942b215df7e6cc9948cf9c15bb8170acc8286c063a9e57994ef82fd1"},
    {file = "numba-0.56.4-cp38-cp38-macosx_10_14_x86_64.whl", hash = "sha256:553da2ce74e8862e18a72a209ed3b6d2924403bdd0fb341fa891c6455545ba7c"},
    {file = "numba-0.56.4-cp38-cp38-macosx_11_0_arm64.whl", hash = "sha256:4373da9757049db7c90591e9ec55a2e97b2b36ba7ae3bf9c956a513374077470"},
    {file = "numba-0.56.4-cp38-cp38-manylinux2014_aarch64.manylinux_2_17_aarch64.whl", hash = "sha256:3a993349b90569518739009d8f4b523dfedd7e0049e6838c0e17435c3e70dcc4"},
    {file = "numba-0.56.4-cp38-cp38-manylinux2014_i686.manylinux_2_17_i686.whl", hash = "sha256:720886b852a2d62619ae3900fe71f1852c62db4f287d0c275a60219e1643fc04"},
    {file = "numba-0.56.4-cp38-cp38-manylinux2014_x86_64.manylinux_2_17_x86_64.whl", hash = "sha256:e64d338b504c9394a4a34942df4627e1e6cb07396ee3b49fe7b8d6420aa5104f"},
    {file = "numba-0.56.4-cp38-cp38-win32.whl", hash = "sha256:03fe94cd31e96185cce2fae005334a8cc712fc2ba7756e52dff8c9400718173f"},
    {file = "numba-0.56.4-cp38-cp38-win_amd64.whl", hash = "sha256:91f021145a8081f881996818474ef737800bcc613ffb1e618a655725a0f9e246"},
    {file = "numba-0.56.4-cp39-cp39-macosx_10_14_x86_64.whl", hash = "sha256:d0ae9270a7a5cc0ede63cd234b4ff1ce166c7a749b91dbbf45e0000c56d3eade"},
    {file = "numba-0.56.4-cp39-cp39-macosx_11_0_arm64.whl", hash = "sha256:c75e8a5f810ce80a0cfad6e74ee94f9fde9b40c81312949bf356b7304ef20740"},
    {file = "numba-0.56.4-cp39-cp39-manylinux2014_aarch64.manylinux_2_17_aarch64.whl", hash = "sha256:a12ef323c0f2101529d455cfde7f4135eaa147bad17afe10b48634f796d96abd"},
    {file = "numba-0.56.4-cp39-cp39-manylinux2014_i686.manylinux_2_17_i686.whl", hash = "sha256:03634579d10a6129181129de293dd6b5eaabee86881369d24d63f8fe352dd6cb"},
    {file = "numba-0.56.4-cp39-cp39-manylinux2014_x86_64.manylinux_2_17_x86_64.whl", hash = "sha256:0240f9026b015e336069329839208ebd70ec34ae5bfbf402e4fcc8e06197528e"},
    {file = "numba-0.56.4-cp39-cp39-win32.whl", hash = "sha256:14dbbabf6ffcd96ee2ac827389afa59a70ffa9f089576500434c34abf9b054a4"},
    {file = "numba-0.56.4-cp39-cp39-win_amd64.whl", hash = "sha256:0da583c532cd72feefd8e551435747e0e0fbb3c0530357e6845fcc11e38d6aea"},
    {file = "numba-0.56.4.tar.gz", hash = "sha256:32d9fef412c81483d7efe0ceb6cf4d3310fde8b624a9cecca00f790573ac96ee"},
]

[package.dependencies]
importlib-metadata = {version = "*", markers = "python_version < \"3.9\""}
llvmlite = "==0.39.*"
numpy = ">=1.18,<1.24"
setuptools = "*"

[[package]]
name = "numpy"
version = "1.23.5"
description = "NumPy is the fundamental package for array computing with Python."
optional = false
python-versions = ">=3.8"
groups = ["main"]
files = [
    {file = "numpy-1.23.5-cp310-cp310-macosx_10_9_x86_64.whl", hash = "sha256:9c88793f78fca17da0145455f0d7826bcb9f37da4764af27ac945488116efe63"},
    {file = "numpy-1.23.5-cp310-cp310-macosx_11_0_arm64.whl", hash = "sha256:e9f4c4e51567b616be64e05d517c79a8a22f3606499941d97bb76f2ca59f982d"},
    {file = "numpy-1.23.5-cp310-cp310-manylinux_2_17_aarch64.manylinux2014_aarch64.whl", hash = "sha256:7903ba8ab592b82014713c491f6c5d3a1cde5b4a3bf116404e08f5b52f6daf43"},
    {file = "numpy-1.23.5-cp310-cp310-manylinux_2_17_x86_64.manylinux2014_x86_64.whl", hash = "sha256:5e05b1c973a9f858c74367553e236f287e749465f773328c8ef31abe18f691e1"},
    {file = "numpy-1.23.5-cp310-cp310-win32.whl", hash = "sha256:522e26bbf6377e4d76403826ed689c295b0b238f46c28a7251ab94716da0b280"},
    {file = "numpy-1.23.5-cp310-cp310-win_amd64.whl", hash = "sha256:dbee87b469018961d1ad79b1a5d50c0ae850000b639bcb1b694e9981083243b6"},
    {file = "numpy-1.23.5-cp311-cp311-macosx_10_9_x86_64.whl", hash = "sha256:ce571367b6dfe60af04e04a1834ca2dc5f46004ac1cc756fb95319f64c095a96"},
    {file = "numpy-1.23.5-cp311-cp311-macosx_11_0_arm64.whl", hash = "sha256:56e454c7833e94ec9769fa0f86e6ff8e42ee38ce0ce1fa4cbb747ea7e06d56aa"},
    {file = "numpy-1.23.5-cp311-cp311-manylinux_2_17_aarch64.manylinux2014_aarch64.whl", hash = "sha256:5039f55555e1eab31124a5768898c9e22c25a65c1e0037f4d7c495a45778c9f2"},
    {file = "numpy-1.23.5-cp311-cp311-manylinux_2_17_x86_64.manylinux2014_x86_64.whl", hash = "sha256:58f545efd1108e647604a1b5aa809591ccd2540f468a880bedb97247e72db387"},
    {file = "numpy-1.23.5-cp311-cp311-win32.whl", hash = "sha256:b2a9ab7c279c91974f756c84c365a669a887efa287365a8e2c418f8b3ba73fb0"},
    {file = "numpy-1.23.5-cp311-cp311-win_amd64.whl", hash = "sha256:0cbe9848fad08baf71de1a39e12d1b6310f1d5b2d0ea4de051058e6e1076852d"},
    {file = "numpy-1.23.5-cp38-cp38-macosx_10_9_x86_64.whl", hash = "sha256:f063b69b090c9d918f9df0a12116029e274daf0181df392839661c4c7ec9018a"},
    {file = "numpy-1.23.5-cp38-cp38-macosx_11_0_arm64.whl", hash = "sha256:0aaee12d8883552fadfc41e96b4c82ee7d794949e2a7c3b3a7201e968c7ecab9"},
    {file = "numpy-1.23.5-cp38-cp38-manylinux_2_17_aarch64.manylinux2014_aarch64.whl", hash = "sha256:92c8c1e89a1f5028a4c6d9e3ccbe311b6ba53694811269b992c0b224269e2398"},
    {file = "numpy-1.23.5-cp38-cp38-manylinux_2_17_x86_64.manylinux2014_x86_64.whl", hash = "sha256:d208a0f8729f3fb790ed18a003f3a57895b989b40ea4dce4717e9cf4af62c6bb"},
    {file = "numpy-1.23.5-cp38-cp38-win32.whl", hash = "sha256:06005a2ef6014e9956c09ba07654f9837d9e26696a0470e42beedadb78c11b07"},
    {file = "numpy-1.23.5-cp38-cp38-win_amd64.whl", hash = "sha256:ca51fcfcc5f9354c45f400059e88bc09215fb71a48d3768fb80e357f3b457e1e"},
    {file = "numpy-1.23.5-cp39-cp39-macosx_10_9_x86_64.whl", hash = "sha256:8969bfd28e85c81f3f94eb4a66bc2cf1dbdc5c18efc320af34bffc54d6b1e38f"},
    {file = "numpy-1.23.5-cp39-cp39-macosx_11_0_arm64.whl", hash = "sha256:a7ac231a08bb37f852849bbb387a20a57574a97cfc7b6cabb488a4fc8be176de"},
    {file = "numpy-1.23.5-cp39-cp39-manylinux_2_17_aarch64.manylinux2014_aarch64.whl", hash = "sha256:bf837dc63ba5c06dc8797c398db1e223a466c7ece27a1f7b5232ba3466aafe3d"},
    {file = "numpy-1.23.5-cp39-cp39-manylinux_2_17_x86_64.manylinux2014_x86_64.whl", hash = "sha256:33161613d2269025873025b33e879825ec7b1d831317e68f4f2f0f84ed14c719"},
    {file = "numpy-1.23.5-cp39-cp39-win32.whl", hash = "sha256:af1da88f6bc3d2338ebbf0e22fe487821ea4d8e89053e25fa59d1d79786e7481"},
    {file = "numpy-1.23.5-cp39-cp39-win_amd64.whl", hash = "sha256:09b7847f7e83ca37c6e627682f145856de331049013853f344f37b0c9690e3df"},
    {file = "numpy-1.23.5-pp38-pypy38_pp73-macosx_10_9_x86_64.whl", hash = "sha256:abdde9f795cf292fb9651ed48185503a2ff29be87770c3b8e2a14b0cd7aa16f8"},
    {file = "numpy-1.23.5-pp38-pypy38_pp73-manylinux_2_17_x86_64.manylinux2014_x86_64.whl", hash = "sha256:f9a909a8bae284d46bbfdefbdd4a262ba19d3bc9921b1e76126b1d21c3c34135"},
    {file = "numpy-1.23.5-pp38-pypy38_pp73-win_amd64.whl", hash = "sha256:01dd17cbb340bf0fc23981e52e1d18a9d4050792e8fb8363cecbf066a84b827d"},
    {file = "numpy-1.23.5.tar.gz", hash = "sha256:1b1766d6f397c18153d40015ddfc79ddb715cabadc04d2d228d4e5a8bc4ded1a"},
]

[[package]]
name = "packaging"
version = "22.0"
description = "Core utilities for Python packages"
optional = false
python-versions = ">=3.7"
groups = ["dev"]
files = [
    {file = "packaging-22.0-py3-none-any.whl", hash = "sha256:957e2148ba0e1a3b282772e791ef1d8083648bc131c8ab0c1feba110ce1146c3"},
    {file = "packaging-22.0.tar.gz", hash = "sha256:2198ec20bd4c017b8f9717e00f0c8714076fc2fd93816750ab48e2c41de2cfd3"},
]

[[package]]
name = "pathspec"
version = "0.10.3"
description = "Utility library for gitignore style pattern matching of file paths."
optional = false
python-versions = ">=3.7"
groups = ["dev"]
files = [
    {file = "pathspec-0.10.3-py3-none-any.whl", hash = "sha256:3c95343af8b756205e2aba76e843ba9520a24dd84f68c22b9f93251507509dd6"},
    {file = "pathspec-0.10.3.tar.gz", hash = "sha256:56200de4077d9d0791465aa9095a01d421861e405b5096955051deefd697d6f6"},
]

[[package]]
name = "platformdirs"
version = "2.6.0"
description = "A small Python package for determining appropriate platform-specific dirs, e.g. a \"user data dir\"."
optional = false
python-versions = ">=3.7"
groups = ["dev"]
files = [
    {file = "platformdirs-2.6.0-py3-none-any.whl", hash = "sha256:1a89a12377800c81983db6be069ec068eee989748799b946cce2a6e80dcc54ca"},
    {file = "platformdirs-2.6.0.tar.gz", hash = "sha256:b46ffafa316e6b83b47489d240ce17173f123a9b9c83282141c3daf26ad9ac2e"},
]

[package.extras]
docs = ["furo (>=2022.9.29)", "proselint (>=0.13)", "sphinx (>=5.3)", "sphinx-autodoc-typehints (>=1.19.4)"]
test = ["appdirs (==1.4.4)", "pytest (>=7.2)", "pytest-cov (>=4)", "pytest-mock (>=3.10)"]

[[package]]
name = "pluggy"
version = "1.0.0"
description = "plugin and hook calling mechanisms for python"
optional = false
python-versions = ">=3.6"
groups = ["dev"]
files = [
    {file = "pluggy-1.0.0-py2.py3-none-any.whl", hash = "sha256:74134bbf457f031a36d68416e1509f34bd5ccc019f0bcc952c7b909d06b37bd3"},
    {file = "pluggy-1.0.0.tar.gz", hash = "sha256:4224373bacce55f955a878bf9cfa763c1e360858e330072059e10bad68531159"},
]

[package.extras]
dev = ["pre-commit", "tox"]
testing = ["pytest", "pytest-benchmark"]

[[package]]
name = "py"
version = "1.11.0"
description = "library with cross-python path, ini-parsing, io, code, log facilities"
optional = false
python-versions = ">=2.7, !=3.0.*, !=3.1.*, !=3.2.*, !=3.3.*, !=3.4.*"
groups = ["dev"]
files = [
    {file = "py-1.11.0-py2.py3-none-any.whl", hash = "sha256:607c53218732647dff4acdfcd50cb62615cedf612e72d1724fb1a0cc6405b378"},
    {file = "py-1.11.0.tar.gz", hash = "sha256:51c75c4126074b472f746a24399ad32f6053d1b34b68d2fa41e558e6f4a98719"},
]

[[package]]
name = "PyOpenGL"
version = "3.1.6"
description = "Standard OpenGL bindings for Python"
optional = false
python-versions = "*"
groups = ["main"]
files = [
    {file = "PyOpenGL-3.1.6-py2-none-any.whl", hash = "sha256:57c597d989178e1413002df6b923619f6d29807501dece1c60cc6f12c0c8e8a7"},
    {file = "PyOpenGL-3.1.6-py3-none-any.whl", hash = "sha256:a7139bc3e15d656feae1f7e3ef68c799941ed43fadc78177a23db7e946c20738"},
    {file = "PyOpenGL-3.1.6.tar.gz", hash = "sha256:8ea6c8773927eda7405bffc6f5bb93be81569a7b05c8cac50cd94e969dce5e27"},
]

[[package]]
name = "pyqt6"
version = "6.7.1"
description = "Python bindings for the Qt cross platform application toolkit"
optional = false
python-versions = ">=3.8"
groups = ["main"]
files = [
    {file = "PyQt6-6.7.1-1-cp38-abi3-manylinux_2_28_aarch64.whl", hash = "sha256:7f397f4b38b23b5588eb2c0933510deb953d96b1f0323a916c4839c2a66ccccc"},
    {file = "PyQt6-6.7.1-1-cp38-abi3-manylinux_2_28_x86_64.whl", hash = "sha256:c2f202b7941aa74e5c7e1463a6f27d9131dbc1e6cabe85571d7364f5b3de7397"},
    {file = "PyQt6-6.7.1-cp38-abi3-macosx_11_0_universal2.whl", hash = "sha256:f053378e3aef6248fa612c8afddda17f942fb63f9fe8a9aeb2a6b6b4cbb0eba9"},
    {file = "PyQt6-6.7.1-cp38-abi3-manylinux_2_28_aarch64.whl", hash = "sha256:0adb7914c732ad1dee46d9cec838a98cb2b11bc38cc3b7b36fbd8701ae64bf47"},
    {file = "PyQt6-6.7.1-cp38-abi3-manylinux_2_28_x86_64.whl", hash = "sha256:2d771fa0981514cb1ee937633dfa64f14caa902707d9afffab66677f3a73e3da"},
    {file = "PyQt6-6.7.1-cp38-abi3-win_amd64.whl", hash = "sha256:fa3954698233fe286a8afc477b84d8517f0788eb46b74da69d3ccc0170d3714c"},
    {file = "PyQt6-6.7.1.tar.gz", hash = "sha256:3672a82ccd3a62e99ab200a13903421e2928e399fda25ced98d140313ad59cb9"},
]

[package.dependencies]
PyQt6-Qt6 = ">=6.7.0,<6.8.0"
PyQt6-sip = ">=13.8,<14"

[[package]]
name = "pyqt6-qt6"
version = "6.7.3"
description = "The subset of a Qt installation needed by PyQt6."
optional = false
python-versions = "*"
groups = ["main"]
files = [
    {file = "PyQt6_Qt6-6.7.3-py3-none-macosx_10_14_x86_64.whl", hash = "sha256:f517a93b6b1a814d4aa6587adc312e812ebaf4d70415bb15cfb44268c5ad3f5f"},
    {file = "PyQt6_Qt6-6.7.3-py3-none-macosx_11_0_arm64.whl", hash = "sha256:8551732984fb36a5f4f3db51eafc4e8e6caf18617365830285306f2db17a94c2"},
    {file = "PyQt6_Qt6-6.7.3-py3-none-manylinux_2_28_aarch64.whl", hash = "sha256:50c7482bcdcf2bb78af257fb10ed8b582f8daf91d829782393bc50ac5a0a900c"},
    {file = "PyQt6_Qt6-6.7.3-py3-none-manylinux_2_28_x86_64.whl", hash = "sha256:cb525fdd393332de60887953029276a44de480fce1d785251ae639580f5e7246"},
    {file = "PyQt6_Qt6-6.7.3-py3-none-win_amd64.whl", hash = "sha256:36ea0892b8caeb983af3f285f45fb8dfbb93cfd972439f4e01b7efb2868f6230"},
]

[[package]]
name = "pyqt6-sip"
version = "13.8.0"
description = "The sip module support for PyQt6"
optional = false
python-versions = ">=3.8"
groups = ["main"]
files = [
    {file = "PyQt6_sip-13.8.0-cp310-cp310-macosx_10_9_universal2.whl", hash = "sha256:cedd554c643e54c4c2e12b5874781a87441a1b405acf3650a4a2e1df42aae231"},
    {file = "PyQt6_sip-13.8.0-cp310-cp310-manylinux_2_17_aarch64.manylinux2014_aarch64.whl", hash = "sha256:f57275b5af774529f9838adcfb58869ba3ebdaf805daea113bb0697a96a3f3cb"},
    {file = "PyQt6_sip-13.8.0-cp310-cp310-manylinux_2_5_x86_64.manylinux1_x86_64.whl", hash = "sha256:835ed22eab977f75fd77e60d4ff308a1fa794b1d0c04849311f36d2a080cdf3b"},
    {file = "PyQt6_sip-13.8.0-cp310-cp310-win_amd64.whl", hash = "sha256:d8b22a6850917c68ce83fc152a8b606ecb2efaaeed35be53110468885d6cdd9d"},
    {file = "PyQt6_sip-13.8.0-cp311-cp311-macosx_10_9_universal2.whl", hash = "sha256:b203b6fbae4a8f2d27f35b7df46200057033d9ecd9134bcf30e3eab66d43572c"},
    {file = "PyQt6_sip-13.8.0-cp311-cp311-manylinux_2_17_aarch64.manylinux2014_aarch64.whl", hash = "sha256:beaddc1ec96b342f4e239702f91802706a80cb403166c2da318cec4ad8b790cb"},
    {file = "PyQt6_sip-13.8.0-cp311-cp311-manylinux_2_5_x86_64.manylinux1_x86_64.whl", hash = "sha256:a5c086b7c9c7996ea9b7522646cc24eebbf3591ec9dd38f65c0a3fdb0dbeaac7"},
    {file = "PyQt6_sip-13.8.0-cp311-cp311-win_amd64.whl", hash = "sha256:dd168667addf01f8a4b0fa7755323e43e4cd12ca4bade558c61f713a5d48ba1a"},
    {file = "PyQt6_sip-13.8.0-cp312-cp312-macosx_10_9_universal2.whl", hash = "sha256:33d9b399fc9c9dc99496266842b0fb2735d924604774e97cf9b555667cc0fc59"},
    {file = "PyQt6_sip-13.8.0-cp312-cp312-manylinux_2_17_aarch64.manylinux2014_aarch64.whl", hash = "sha256:056af69d1d8d28d5968066ec5da908afd82fc0be07b67cf2b84b9f02228416ce"},
    {file = "PyQt6_sip-13.8.0-cp312-cp312-manylinux_2_5_x86_64.manylinux1_x86_64.whl", hash = "sha256:08dd81037a2864982ece2bf9891f3bf4558e247034e112993ea1a3fe239458cb"},
    {file = "PyQt6_sip-13.8.0-cp312-cp312-win_amd64.whl", hash = "sha256:fbb249b82c53180f1420571ece5dc24fea1188ba435923edd055599dffe7abfb"},
    {file = "PyQt6_sip-13.8.0-cp38-cp38-macosx_11_0_universal2.whl", hash = "sha256:6bce6bc5870d9e87efe5338b1ee4a7b9d7d26cdd16a79a5757d80b6f25e71edc"},
    {file = "PyQt6_sip-13.8.0-cp38-cp38-manylinux_2_17_aarch64.manylinux2014_aarch64.whl", hash = "sha256:cd81144b0770084e8005d3a121c9382e6f9bc8d0bb320dd618718ffe5090e0e6"},
    {file = "PyQt6_sip-13.8.0-cp38-cp38-manylinux_2_5_x86_64.manylinux1_x86_64.whl", hash = "sha256:755beb5d271d081e56618fb30342cdd901464f721450495cb7cb0212764da89e"},
    {file = "PyQt6_sip-13.8.0-cp38-cp38-win_amd64.whl", hash = "sha256:7a0bbc0918eab5b6351735d40cf22cbfa5aa2476b55e0d5fe881aeed7d871c29"},
    {file = "PyQt6_sip-13.8.0-cp39-cp39-macosx_10_9_universal2.whl", hash = "sha256:7f84c472afdc7d316ff683f63129350d645ef82d9b3fd75a609b08472d1f7291"},
    {file = "PyQt6_sip-13.8.0-cp39-cp39-manylinux_2_17_aarch64.manylinux2014_aarch64.whl", hash = "sha256:b1bf29e95f10a8a00819dac804ca7e5eba5fc1769adcd74c837c11477bf81954"},
    {file = "PyQt6_sip-13.8.0-cp39-cp39-manylinux_2_5_x86_64.manylinux1_x86_64.whl", hash = "sha256:9ea9223c94906efd68148f12ae45b51a21d67e86704225ddc92bce9c54e4d93c"},
    {file = "PyQt6_sip-13.8.0-cp39-cp39-win_amd64.whl", hash = "sha256:2559afa68825d08de09d71c42f3b6ad839dcc30f91e7c6d0785e07830d5541a5"},
    {file = "PyQt6_sip-13.8.0.tar.gz", hash = "sha256:2f74cf3d6d9cab5152bd9f49d570b2dfb87553ebb5c4919abfde27f5b9fd69d4"},
]

[[package]]
name = "pyqtgraph"
version = "0.13.1"
description = "Scientific Graphics and GUI Library for Python"
optional = false
python-versions = ">=3.8"
groups = ["main"]
files = [
    {file = "pyqtgraph-0.13.1-py3-none-any.whl", hash = "sha256:906b2784c213890bf2a1df43e3675eff1921ee894ab9673468747fb993ea2d6c"},
    {file = "pyqtgraph-0.13.1.tar.gz", hash = "sha256:698f87f59db965727b33602a0b29058de21291d8b143dea878b50578aec0dc08"},
]

[package.dependencies]
numpy = ">=1.20.0"

[[package]]
name = "pytest"
version = "6.2.5"
description = "pytest: simple powerful testing with Python"
optional = false
python-versions = ">=3.6"
groups = ["dev"]
files = [
    {file = "pytest-6.2.5-py3-none-any.whl", hash = "sha256:7310f8d27bc79ced999e760ca304d69f6ba6c6649c0b60fb0e04a4a77cacc134"},
    {file = "pytest-6.2.5.tar.gz", hash = "sha256:131b36680866a76e6781d13f101efb86cf674ebb9762eb70d3082b6f29889e89"},
]

[package.dependencies]
atomicwrites = {version = ">=1.0", markers = "sys_platform == \"win32\""}
attrs = ">=19.2.0"
colorama = {version = "*", markers = "sys_platform == \"win32\""}
iniconfig = "*"
packaging = "*"
pluggy = ">=0.12,<2.0"
py = ">=1.8.2"
toml = "*"

[package.extras]
testing = ["argcomplete", "hypothesis (>=3.56)", "mock", "nose", "requests", "xmlschema"]

[[package]]
name = "pytest-qt"
version = "4.3.1"
description = "pytest support for PyQt and PySide applications"
optional = false
python-versions = ">=3.8"
groups = ["dev"]
files = [
    {file = "pytest-qt-4.3.1.tar.gz", hash = "sha256:0256041af78082dfc08e22ccf860aaa878d8029557f03f4bfc2007fc291b1e61"},
    {file = "pytest_qt-4.3.1-py3-none-any.whl", hash = "sha256:e1bd043a4e460f184657bc3a0eabf289ad5e88a55a2abf0436d248049a331653"},
]

[package.dependencies]
pytest = ">=3.0.0"

[package.extras]
dev = ["pre-commit", "tox"]
doc = ["sphinx", "sphinx-rtd-theme"]

[[package]]
name = "scipy"
version = "1.9.3"
description = "Fundamental algorithms for scientific computing in Python"
optional = false
python-versions = ">=3.8"
groups = ["main"]
files = [
    {file = "scipy-1.9.3-cp310-cp310-macosx_10_9_x86_64.whl", hash = "sha256:1884b66a54887e21addf9c16fb588720a8309a57b2e258ae1c7986d4444d3bc0"},
    {file = "scipy-1.9.3-cp310-cp310-macosx_12_0_arm64.whl", hash = "sha256:83b89e9586c62e787f5012e8475fbb12185bafb996a03257e9675cd73d3736dd"},
    {file = "scipy-1.9.3-cp310-cp310-manylinux_2_17_aarch64.manylinux2014_aarch64.whl", hash = "sha256:1a72d885fa44247f92743fc20732ae55564ff2a519e8302fb7e18717c5355a8b"},
    {file = "scipy-1.9.3-cp310-cp310-manylinux_2_17_x86_64.manylinux2014_x86_64.whl", hash = "sha256:d01e1dd7b15bd2449c8bfc6b7cc67d630700ed655654f0dfcf121600bad205c9"},
    {file = "scipy-1.9.3-cp310-cp310-win_amd64.whl", hash = "sha256:68239b6aa6f9c593da8be1509a05cb7f9efe98b80f43a5861cd24c7557e98523"},
    {file = "scipy-1.9.3-cp311-cp311-macosx_10_9_x86_64.whl", hash = "sha256:b41bc822679ad1c9a5f023bc93f6d0543129ca0f37c1ce294dd9d386f0a21096"},
    {file = "scipy-1.9.3-cp311-cp311-macosx_12_0_arm64.whl", hash = "sha256:90453d2b93ea82a9f434e4e1cba043e779ff67b92f7a0e85d05d286a3625df3c"},
    {file = "scipy-1.9.3-cp311-cp311-manylinux_2_17_aarch64.manylinux2014_aarch64.whl", hash = "sha256:83c06e62a390a9167da60bedd4575a14c1f58ca9dfde59830fc42e5197283dab"},
    {file = "scipy-1.9.3-cp311-cp311-manylinux_2_17_x86_64.manylinux2014_x86_64.whl", hash = "sha256:abaf921531b5aeaafced90157db505e10345e45038c39e5d9b6c7922d68085cb"},
    {file = "scipy-1.9.3-cp311-cp311-win_amd64.whl", hash = "sha256:06d2e1b4c491dc7d8eacea139a1b0b295f74e1a1a0f704c375028f8320d16e31"},
    {file = "scipy-1.9.3-cp38-cp38-macosx_10_9_x86_64.whl", hash = "sha256:5a04cd7d0d3eff6ea4719371cbc44df31411862b9646db617c99718ff68d4840"},
    {file = "scipy-1.9.3-cp38-cp38-macosx_12_0_arm64.whl", hash = "sha256:545c83ffb518094d8c9d83cce216c0c32f8c04aaf28b92cc8283eda0685162d5"},
    {file = "scipy-1.9.3-cp38-cp38-manylinux_2_17_aarch64.manylinux2014_aarch64.whl", hash = "sha256:0d54222d7a3ba6022fdf5773931b5d7c56efe41ede7f7128c7b1637700409108"},
    {file = "scipy-1.9.3-cp38-cp38-manylinux_2_17_x86_64.manylinux2014_x86_64.whl", hash = "sha256:cff3a5295234037e39500d35316a4c5794739433528310e117b8a9a0c76d20fc"},
    {file = "scipy-1.9.3-cp38-cp38-win_amd64.whl", hash = "sha256:2318bef588acc7a574f5bfdff9c172d0b1bf2c8143d9582e05f878e580a3781e"},
    {file = "scipy-1.9.3-cp39-cp39-macosx_10_9_x86_64.whl", hash = "sha256:d644a64e174c16cb4b2e41dfea6af722053e83d066da7343f333a54dae9bc31c"},
    {file = "scipy-1.9.3-cp39-cp39-macosx_12_0_arm64.whl", hash = "sha256:da8245491d73ed0a994ed9c2e380fd058ce2fa8a18da204681f2fe1f57f98f95"},
    {file = "scipy-1.9.3-cp39-cp39-manylinux_2_17_aarch64.manylinux2014_aarch64.whl", hash = "sha256:4db5b30849606a95dcf519763dd3ab6fe9bd91df49eba517359e450a7d80ce2e"},
    {file = "scipy-1.9.3-cp39-cp39-manylinux_2_17_x86_64.manylinux2014_x86_64.whl", hash = "sha256:c68db6b290cbd4049012990d7fe71a2abd9ffbe82c0056ebe0f01df8be5436b0"},
    {file = "scipy-1.9.3-cp39-cp39-win_amd64.whl", hash = "sha256:5b88e6d91ad9d59478fafe92a7c757d00c59e3bdc3331be8ada76a4f8d683f58"},
    {file = "scipy-1.9.3.tar.gz", hash = "sha256:fbc5c05c85c1a02be77b1ff591087c83bc44579c6d2bd9fb798bb64ea5e1a027"},
]

[package.dependencies]
numpy = ">=1.18.5,<1.26.0"

[package.extras]
dev = ["flake8", "mypy", "pycodestyle", "typing_extensions"]
doc = ["matplotlib (>2)", "numpydoc", "pydata-sphinx-theme (==0.9.0)", "sphinx (!=4.1.0)", "sphinx-panels (>=0.5.2)", "sphinx-tabs"]
test = ["asv", "gmpy2", "mpmath", "pytest", "pytest-cov", "pytest-xdist", "scikit-umfpack", "threadpoolctl"]

[[package]]
name = "setuptools"
version = "65.6.3"
description = "Easily download, build, install, upgrade, and uninstall Python packages"
optional = false
python-versions = ">=3.7"
groups = ["main"]
markers = "python_version == \"3.8\""
files = [
    {file = "setuptools-65.6.3-py3-none-any.whl", hash = "sha256:57f6f22bde4e042978bcd50176fdb381d7c21a9efa4041202288d3737a0c6a54"},
    {file = "setuptools-65.6.3.tar.gz", hash = "sha256:a7620757bf984b58deaf32fc8a4577a9bbc0850cf92c20e1ce41c38c19e5fb75"},
]

[package.extras]
docs = ["furo", "jaraco.packaging (>=9)", "jaraco.tidelift (>=1.4)", "pygments-github-lexers (==0.0.5)", "rst.linker (>=1.9)", "sphinx (>=3.5)", "sphinx-favicon", "sphinx-hoverxref (<2)", "sphinx-inline-tabs", "sphinx-notfound-page (==0.8.3)", "sphinx-reredirects", "sphinxcontrib-towncrier"]
testing = ["build[virtualenv]", "filelock (>=3.4.0)", "flake8 (<5)", "flake8-2020", "ini2toml[lite] (>=0.9)", "jaraco.envs (>=2.2)", "jaraco.path (>=3.2.0)", "pip (>=19.1)", "pip-run (>=8.8)", "pytest (>=6)", "pytest-black (>=0.3.7) ; platform_python_implementation != \"PyPy\"", "pytest-checkdocs (>=2.4)", "pytest-cov ; platform_python_implementation != \"PyPy\"", "pytest-enabler (>=1.3)", "pytest-flake8", "pytest-mypy (>=0.9.1) ; platform_python_implementation != \"PyPy\"", "pytest-perf", "pytest-timeout", "pytest-xdist", "tomli-w (>=1.0.0)", "virtualenv (>=13.0.0)", "wheel"]
testing-integration = ["build[virtualenv]", "filelock (>=3.4.0)", "jaraco.envs (>=2.2)", "jaraco.path (>=3.2.0)", "pytest", "pytest-enabler", "pytest-xdist", "tomli", "virtualenv (>=13.0.0)", "wheel"]

[[package]]
name = "toml"
version = "0.10.2"
description = "Python Library for Tom's Obvious, Minimal Language"
optional = false
python-versions = ">=2.6, !=3.0.*, !=3.1.*, !=3.2.*"
groups = ["dev"]
files = [
    {file = "toml-0.10.2-py2.py3-none-any.whl", hash = "sha256:806143ae5bfb6a3c6e736a764057db0e6a0e05e338b5630894a5f779cabb4f9b"},
    {file = "toml-0.10.2.tar.gz", hash = "sha256:b3bda1d108d5dd99f4a20d24d9c348e91c4db7ab1b749200bded2f839ccbe68f"},
]

[[package]]
name = "tomli"
version = "2.0.1"
description = "A lil' TOML parser"
optional = false
python-versions = ">=3.7"
groups = ["dev"]
markers = "python_full_version < \"3.11.0a7\""
files = [
    {file = "tomli-2.0.1-py3-none-any.whl", hash = "sha256:939de3e7a6161af0c887ef91b7d41a53e7c5a1ca976325f429cb46ea9bc30ecc"},
    {file = "tomli-2.0.1.tar.gz", hash = "sha256:de526c12914f0c550d15924c62d72abc48d6fe7364aa87328337a31007fe8a4f"},
]

[[package]]
name = "typing-extensions"
version = "4.4.0"
description = "Backported and Experimental Type Hints for Python 3.7+"
optional = false
python-versions = ">=3.7"
groups = ["dev"]
markers = "python_version < \"3.10\""
files = [
    {file = "typing_extensions-4.4.0-py3-none-any.whl", hash = "sha256:16fa4864408f655d35ec496218b85f79b3437c829e93320c7c9215ccfd92489e"},
    {file = "typing_extensions-4.4.0.tar.gz", hash = "sha256:1511434bb92bf8dd198c12b1cc812e800d4181cfcb867674e0f8279cc93087aa"},
]

[[package]]
name = "zipp"
version = "3.11.0"
description = "Backport of pathlib-compatible object wrapper for zip files"
optional = false
python-versions = ">=3.7"
groups = ["main"]
markers = "python_version == \"3.8\""
files = [
    {file = "zipp-3.11.0-py3-none-any.whl", hash = "sha256:83a28fcb75844b5c0cdaf5aa4003c2d728c77e05f5aeabe8e95e56727005fbaa"},
    {file = "zipp-3.11.0.tar.gz", hash = "sha256:a7a22e05929290a67401440b39690ae6563279bced5f314609d9d03798f56766"},
]

[package.extras]
docs = ["furo", "jaraco.packaging (>=9)", "jaraco.tidelift (>=1.4)", "rst.linker (>=1.9)", "sphinx (>=3.5)"]
testing = ["flake8 (<5)", "func-timeout", "jaraco.functools", "jaraco.itertools", "more-itertools", "pytest (>=6)", "pytest-black (>=0.3.7) ; platform_python_implementation != \"PyPy\"", "pytest-checkdocs (>=2.4)", "pytest-cov", "pytest-enabler (>=1.3)", "pytest-flake8 ; python_version < \"3.12\"", "pytest-mypy (>=0.9.1) ; platform_python_implementation != \"PyPy\""]

[metadata]
lock-version = "2.1"
python-versions = "^3.8"
content-hash = "8cbc186fa93bb65a5058d68b366ef1da23a10dc523ed509f4d9e606076e8f7cd"
